
Microsoft Visual Studio Solution File, Format Version 12.00
# Visual Studio Version 17
VisualStudioVersion = 17.2.32630.192
MinimumVisualStudioVersion = 10.0.40219.1
Project("{2150E333-8FDC-42A3-9474-1A3956D46DE8}") = "Sources", "Sources", "{AEBF4778-AFF1-4C30-92D1-4D72E072D613}"
EndProject
Project("{2150E333-8FDC-42A3-9474-1A3956D46DE8}") = "BuildingBlocks", "BuildingBlocks", "{740D8434-747B-499E-9C76-5AD697A0F555}"
EndProject
Project("{2150E333-8FDC-42A3-9474-1A3956D46DE8}") = "EventBus", "EventBus", "{596DD23E-905A-406A-8FC6-C1456579697C}"
EndProject
Project("{9A19103F-16F7-4668-BE54-9A1E7A4F7556}") = "EventBus", "BuildingBlocks\EventBus\EventBus\EventBus.csproj", "{398733A0-F4EC-42EE-B778-5F72B965502D}"
EndProject
Project("{9A19103F-16F7-4668-BE54-9A1E7A4F7556}") = "IntegrationEventLogMongo", "BuildingBlocks\EventBus\IntegrationEventLogMongo\IntegrationEventLogMongo.csproj", "{3E488B33-6A61-488D-BC07-20AE0F569762}"
EndProject
Project("{2150E333-8FDC-42A3-9474-1A3956D46DE8}") = "DDD", "DDD", "{1702772E-678D-42DC-B000-2DA267EEE155}"
EndProject
Project("{9A19103F-16F7-4668-BE54-9A1E7A4F7556}") = "DDD", "BuildingBlocks\DDD\DDD\DDD.csproj", "{D5099C70-BEBD-447B-BDB3-D2A85BE0B246}"
EndProject
Project("{2150E333-8FDC-42A3-9474-1A3956D46DE8}") = "Emails", "Emails", "{DC1D5F23-0533-4BDE-A1D5-3545435020CD}"
EndProject
Project("{9A19103F-16F7-4668-BE54-9A1E7A4F7556}") = "Emails", "BuildingBlocks\Emails\Emails\Emails.csproj", "{E63AEB5D-0EBA-4F06-BF57-11C2E67760D0}"
EndProject
Project("{2150E333-8FDC-42A3-9474-1A3956D46DE8}") = "FileSystem", "FileSystem", "{70E020D7-9D08-48D9-895A-F2CE02D5B747}"
EndProject
Project("{9A19103F-16F7-4668-BE54-9A1E7A4F7556}") = "FileSystem", "BuildingBlocks\FileSystem\FileSystem\FileSystem.csproj", "{24643198-2934-4AED-A941-A7680DA1BF1C}"
EndProject
Project("{9A19103F-16F7-4668-BE54-9A1E7A4F7556}") = "DDD.Mongo", "BuildingBlocks\DDD\DDD.Mongo\DDD.Mongo.csproj", "{D295F07A-76BF-457F-AECF-1C8868801A64}"
EndProject
Project("{2150E333-8FDC-42A3-9474-1A3956D46DE8}") = "Migrations", "Migrations", "{1EFA85B7-4A42-42FE-9711-C77B48EF0F17}"
EndProject
Project("{9A19103F-16F7-4668-BE54-9A1E7A4F7556}") = "Migrations", "BuildingBlocks\Migrations\Migrations\Migrations.csproj", "{DADFFB86-CB30-494D-8178-8DBE30A58947}"
EndProject
Project("{2150E333-8FDC-42A3-9474-1A3956D46DE8}") = "Utils", "Utils", "{007031C6-6B15-4DA6-A9A4-581B3ED9EE89}"
EndProject
Project("{9A19103F-16F7-4668-BE54-9A1E7A4F7556}") = "Utils", "BuildingBlocks\Utils\Utils\Utils.csproj", "{D0B1D12D-EB41-4061-A20D-67C31273F23D}"
EndProject
Project("{2150E333-8FDC-42A3-9474-1A3956D46DE8}") = "Caching", "Caching", "{A0C70962-4BDD-44A1-8A57-B3E0A163CB68}"
EndProject
Project("{9A19103F-16F7-4668-BE54-9A1E7A4F7556}") = "Caching", "BuildingBlocks\Caching\Caching\Caching.csproj", "{A616DCF1-A8D2-4BE4-BE48-4EA6B481E348}"
EndProject
Project("{9A19103F-16F7-4668-BE54-9A1E7A4F7556}") = "Migrations.EventBus", "BuildingBlocks\Migrations\Migrations.EventBus\Migrations.EventBus.csproj", "{ADB4F2D1-BC14-4DCE-A65B-B6F5DEE278E5}"
EndProject
Project("{2150E333-8FDC-42A3-9474-1A3956D46DE8}") = "Services", "Services", "{E3A62949-4F0C-48D7-9F65-AFD7AAAB52F2}"
EndProject
Project("{2150E333-8FDC-42A3-9474-1A3956D46DE8}") = "Identity", "Identity", "{90472E9F-5902-4438-AE21-2A46684CD273}"
EndProject
Project("{9A19103F-16F7-4668-BE54-9A1E7A4F7556}") = "Identity.Domain", "Services\Identity\Identity.Domain\Identity.Domain.csproj", "{31AAE589-F046-4363-B649-C1707379F9E9}"
EndProject
Project("{9A19103F-16F7-4668-BE54-9A1E7A4F7556}") = "Identity.Infrastructure", "Services\Identity\Identity.Infrastructure\Identity.Infrastructure.csproj", "{FBE61D36-5FB4-4C23-81BF-EA142164D18B}"
EndProject
Project("{9A19103F-16F7-4668-BE54-9A1E7A4F7556}") = "Identity.Contracts", "Services\Identity\Identity.Contracts\Identity.Contracts.csproj", "{5A9C3C59-4BBF-47EF-8623-26580BE47A0A}"
EndProject
Project("{9A19103F-16F7-4668-BE54-9A1E7A4F7556}") = "EventBus.Contracts", "BuildingBlocks\EventBus\EventBus.Contracts\EventBus.Contracts.csproj", "{21C38F50-8EC6-4BAE-B378-DC4083359A2A}"
EndProject
Project("{9A19103F-16F7-4668-BE54-9A1E7A4F7556}") = "Identity.API", "Services\Identity\Identity.API\Identity.API.csproj", "{0EA2DF5F-F118-4ADB-8AD8-E643B424D722}"
EndProject
Project("{9A19103F-16F7-4668-BE54-9A1E7A4F7556}") = "Identity.UI", "Services\Identity\Identity.UI\Identity.UI.csproj", "{2ECCE4C2-899E-420F-ABFC-7219CE0264B5}"
EndProject
Project("{9A19103F-16F7-4668-BE54-9A1E7A4F7556}") = "Identity.EventDispatcher", "Services\Identity\Identity.EventDispatcher\Identity.EventDispatcher.csproj", "{C1508D10-8EA9-44AA-AAA8-B43B0EE81DB8}"
EndProject
Project("{9A19103F-16F7-4668-BE54-9A1E7A4F7556}") = "Identity.Migrations", "Services\Identity\Identity.Migrations\Identity.Migrations.csproj", "{3E70ADBE-0013-4BD6-9CD7-63F9AA1FFF4D}"
EndProject
Project("{2150E333-8FDC-42A3-9474-1A3956D46DE8}") = "Application", "Application", "{7665059F-9A56-4488-87CE-BE3B90ABF138}"
EndProject
Project("{2150E333-8FDC-42A3-9474-1A3956D46DE8}") = "Domain+Contracts", "Domain+Contracts", "{7EC86F0A-76B3-45E1-B814-A6DE24F28526}"
EndProject
Project("{2150E333-8FDC-42A3-9474-1A3956D46DE8}") = "Infrastructure", "Infrastructure", "{6AF049B0-397D-4E58-AD27-5A497CD24E9E}"
EndProject
Project("{2150E333-8FDC-42A3-9474-1A3956D46DE8}") = "Estabelecimentos", "Estabelecimentos", "{138E9D78-4073-4CE1-B5A0-AC4E46454C15}"
EndProject
Project("{2150E333-8FDC-42A3-9474-1A3956D46DE8}") = "Domain+Contracts", "Domain+Contracts", "{79E63503-3E56-43E5-AF5E-D150FB3D5CFE}"
EndProject
Project("{2150E333-8FDC-42A3-9474-1A3956D46DE8}") = "Shared", "Shared", "{A6FF0B87-4EC6-48AA-A6F6-E29F3FF31A29}"
EndProject
Project("{9A19103F-16F7-4668-BE54-9A1E7A4F7556}") = "Shared", "Services\Shared\Shared\Shared.csproj", "{4A6E40EC-7B13-467C-B727-05A39C018ED9}"
EndProject
Project("{9A19103F-16F7-4668-BE54-9A1E7A4F7556}") = "RedisCaching", "BuildingBlocks\Caching\RedisCaching\RedisCaching.csproj", "{C16540C1-43B4-4F12-918C-4804922791EE}"
EndProject
Project("{9A19103F-16F7-4668-BE54-9A1E7A4F7556}") = "FileSystemAzure", "BuildingBlocks\FileSystem\FileSystemAzure\FileSystemAzure.csproj", "{BD79931B-28E8-4DAE-AC63-B9917605601F}"
EndProject
Project("{9A19103F-16F7-4668-BE54-9A1E7A4F7556}") = "EmailsAzure", "BuildingBlocks\Emails\EmailsAzure\EmailsAzure.csproj", "{A18B9586-0975-428C-8FC6-69F7D59135F7}"
EndProject
Project("{9A19103F-16F7-4668-BE54-9A1E7A4F7556}") = "EventBusAzure", "BuildingBlocks\EventBus\EventBusAzure\EventBusAzure.csproj", "{8C1ECE7C-58C6-4CB0-A2F8-4DDD52D4A582}"
EndProject
Project("{9A19103F-16F7-4668-BE54-9A1E7A4F7556}") = "Identity.Functions", "Services\Identity\Identity.Functions\Identity.Functions.csproj", "{39352D89-0765-4F72-8218-BCEEA1FEC6FC}"
EndProject
Project("{9A19103F-16F7-4668-BE54-9A1E7A4F7556}") = "Estabelecimentos.Contracts", "Services\Estabelecimentos\Estabelecimentos.Contracts\Estabelecimentos.Contracts.csproj", "{CDF228B6-7AD9-4F63-89D0-568862D5AD5E}"
EndProject
Project("{2150E333-8FDC-42A3-9474-1A3956D46DE8}") = "Testing", "Testing", "{1CEF0899-E080-422E-9582-E68246149CC2}"
EndProject
Project("{9A19103F-16F7-4668-BE54-9A1E7A4F7556}") = "UnitTests", "BuildingBlocks\Testing\UnitTests\UnitTests.csproj", "{8E5E8D1E-079C-4340-80DD-DD9CAAD01E4A}"
EndProject
Project("{2150E333-8FDC-42A3-9474-1A3956D46DE8}") = "Tests", "Tests", "{43334B59-F3BD-4A00-BAF6-2DB31FCFAB3A}"
EndProject
Project("{9A19103F-16F7-4668-BE54-9A1E7A4F7556}") = "Identity.UnitTests", "Services\Identity\Identity.UnitTests\Identity.UnitTests.csproj", "{673FFFA1-9704-4D0D-9E68-C425847A1F47}"
EndProject
Project("{9A19103F-16F7-4668-BE54-9A1E7A4F7556}") = "Identity.UI.UnitTests", "Services\Identity\Identity.UI.UnitTests\Identity.UI.UnitTests.csproj", "{0997C438-BEE8-4D81-ADA7-42F4B49C6F69}"
EndProject
Project("{FAE04EC0-301F-11D3-BF4B-00C04F79EFBC}") = "Identity.IntegrationTests", "Services\Identity\Identity.IntegrationTests\Identity.IntegrationTests.csproj", "{86E82D25-9DBB-4638-89E2-85AE9C46623A}"
EndProject
Global
	GlobalSection(SolutionConfigurationPlatforms) = preSolution
		Debug|Any CPU = Debug|Any CPU
		Release|Any CPU = Release|Any CPU
	EndGlobalSection
	GlobalSection(ProjectConfigurationPlatforms) = postSolution
		{398733A0-F4EC-42EE-B778-5F72B965502D}.Debug|Any CPU.ActiveCfg = Debug|Any CPU
		{398733A0-F4EC-42EE-B778-5F72B965502D}.Debug|Any CPU.Build.0 = Debug|Any CPU
		{398733A0-F4EC-42EE-B778-5F72B965502D}.Release|Any CPU.ActiveCfg = Release|Any CPU
		{398733A0-F4EC-42EE-B778-5F72B965502D}.Release|Any CPU.Build.0 = Release|Any CPU
		{3E488B33-6A61-488D-BC07-20AE0F569762}.Debug|Any CPU.ActiveCfg = Debug|Any CPU
		{3E488B33-6A61-488D-BC07-20AE0F569762}.Debug|Any CPU.Build.0 = Debug|Any CPU
		{3E488B33-6A61-488D-BC07-20AE0F569762}.Release|Any CPU.ActiveCfg = Release|Any CPU
		{3E488B33-6A61-488D-BC07-20AE0F569762}.Release|Any CPU.Build.0 = Release|Any CPU
		{D5099C70-BEBD-447B-BDB3-D2A85BE0B246}.Debug|Any CPU.ActiveCfg = Debug|Any CPU
		{D5099C70-BEBD-447B-BDB3-D2A85BE0B246}.Debug|Any CPU.Build.0 = Debug|Any CPU
		{D5099C70-BEBD-447B-BDB3-D2A85BE0B246}.Release|Any CPU.ActiveCfg = Release|Any CPU
		{D5099C70-BEBD-447B-BDB3-D2A85BE0B246}.Release|Any CPU.Build.0 = Release|Any CPU
		{E63AEB5D-0EBA-4F06-BF57-11C2E67760D0}.Debug|Any CPU.ActiveCfg = Debug|Any CPU
		{E63AEB5D-0EBA-4F06-BF57-11C2E67760D0}.Debug|Any CPU.Build.0 = Debug|Any CPU
		{E63AEB5D-0EBA-4F06-BF57-11C2E67760D0}.Release|Any CPU.ActiveCfg = Release|Any CPU
		{E63AEB5D-0EBA-4F06-BF57-11C2E67760D0}.Release|Any CPU.Build.0 = Release|Any CPU
		{24643198-2934-4AED-A941-A7680DA1BF1C}.Debug|Any CPU.ActiveCfg = Debug|Any CPU
		{24643198-2934-4AED-A941-A7680DA1BF1C}.Debug|Any CPU.Build.0 = Debug|Any CPU
		{24643198-2934-4AED-A941-A7680DA1BF1C}.Release|Any CPU.ActiveCfg = Release|Any CPU
		{24643198-2934-4AED-A941-A7680DA1BF1C}.Release|Any CPU.Build.0 = Release|Any CPU
		{D295F07A-76BF-457F-AECF-1C8868801A64}.Debug|Any CPU.ActiveCfg = Debug|Any CPU
		{D295F07A-76BF-457F-AECF-1C8868801A64}.Debug|Any CPU.Build.0 = Debug|Any CPU
		{D295F07A-76BF-457F-AECF-1C8868801A64}.Release|Any CPU.ActiveCfg = Release|Any CPU
		{D295F07A-76BF-457F-AECF-1C8868801A64}.Release|Any CPU.Build.0 = Release|Any CPU
		{DADFFB86-CB30-494D-8178-8DBE30A58947}.Debug|Any CPU.ActiveCfg = Debug|Any CPU
		{DADFFB86-CB30-494D-8178-8DBE30A58947}.Debug|Any CPU.Build.0 = Debug|Any CPU
		{DADFFB86-CB30-494D-8178-8DBE30A58947}.Release|Any CPU.ActiveCfg = Release|Any CPU
		{DADFFB86-CB30-494D-8178-8DBE30A58947}.Release|Any CPU.Build.0 = Release|Any CPU
		{D0B1D12D-EB41-4061-A20D-67C31273F23D}.Debug|Any CPU.ActiveCfg = Debug|Any CPU
		{D0B1D12D-EB41-4061-A20D-67C31273F23D}.Debug|Any CPU.Build.0 = Debug|Any CPU
		{D0B1D12D-EB41-4061-A20D-67C31273F23D}.Release|Any CPU.ActiveCfg = Release|Any CPU
		{D0B1D12D-EB41-4061-A20D-67C31273F23D}.Release|Any CPU.Build.0 = Release|Any CPU
		{A616DCF1-A8D2-4BE4-BE48-4EA6B481E348}.Debug|Any CPU.ActiveCfg = Debug|Any CPU
		{A616DCF1-A8D2-4BE4-BE48-4EA6B481E348}.Debug|Any CPU.Build.0 = Debug|Any CPU
		{A616DCF1-A8D2-4BE4-BE48-4EA6B481E348}.Release|Any CPU.ActiveCfg = Release|Any CPU
		{A616DCF1-A8D2-4BE4-BE48-4EA6B481E348}.Release|Any CPU.Build.0 = Release|Any CPU
		{ADB4F2D1-BC14-4DCE-A65B-B6F5DEE278E5}.Debug|Any CPU.ActiveCfg = Debug|Any CPU
		{ADB4F2D1-BC14-4DCE-A65B-B6F5DEE278E5}.Debug|Any CPU.Build.0 = Debug|Any CPU
		{ADB4F2D1-BC14-4DCE-A65B-B6F5DEE278E5}.Release|Any CPU.ActiveCfg = Release|Any CPU
		{ADB4F2D1-BC14-4DCE-A65B-B6F5DEE278E5}.Release|Any CPU.Build.0 = Release|Any CPU
		{31AAE589-F046-4363-B649-C1707379F9E9}.Debug|Any CPU.ActiveCfg = Debug|Any CPU
		{31AAE589-F046-4363-B649-C1707379F9E9}.Debug|Any CPU.Build.0 = Debug|Any CPU
		{31AAE589-F046-4363-B649-C1707379F9E9}.Release|Any CPU.ActiveCfg = Release|Any CPU
		{31AAE589-F046-4363-B649-C1707379F9E9}.Release|Any CPU.Build.0 = Release|Any CPU
		{FBE61D36-5FB4-4C23-81BF-EA142164D18B}.Debug|Any CPU.ActiveCfg = Debug|Any CPU
		{FBE61D36-5FB4-4C23-81BF-EA142164D18B}.Debug|Any CPU.Build.0 = Debug|Any CPU
		{FBE61D36-5FB4-4C23-81BF-EA142164D18B}.Release|Any CPU.ActiveCfg = Release|Any CPU
		{FBE61D36-5FB4-4C23-81BF-EA142164D18B}.Release|Any CPU.Build.0 = Release|Any CPU
		{5A9C3C59-4BBF-47EF-8623-26580BE47A0A}.Debug|Any CPU.ActiveCfg = Debug|Any CPU
		{5A9C3C59-4BBF-47EF-8623-26580BE47A0A}.Debug|Any CPU.Build.0 = Debug|Any CPU
		{5A9C3C59-4BBF-47EF-8623-26580BE47A0A}.Release|Any CPU.ActiveCfg = Release|Any CPU
		{5A9C3C59-4BBF-47EF-8623-26580BE47A0A}.Release|Any CPU.Build.0 = Release|Any CPU
		{21C38F50-8EC6-4BAE-B378-DC4083359A2A}.Debug|Any CPU.ActiveCfg = Debug|Any CPU
		{21C38F50-8EC6-4BAE-B378-DC4083359A2A}.Debug|Any CPU.Build.0 = Debug|Any CPU
		{21C38F50-8EC6-4BAE-B378-DC4083359A2A}.Release|Any CPU.ActiveCfg = Release|Any CPU
		{21C38F50-8EC6-4BAE-B378-DC4083359A2A}.Release|Any CPU.Build.0 = Release|Any CPU
		{0EA2DF5F-F118-4ADB-8AD8-E643B424D722}.Debug|Any CPU.ActiveCfg = Debug|Any CPU
		{0EA2DF5F-F118-4ADB-8AD8-E643B424D722}.Debug|Any CPU.Build.0 = Debug|Any CPU
		{0EA2DF5F-F118-4ADB-8AD8-E643B424D722}.Release|Any CPU.ActiveCfg = Release|Any CPU
		{0EA2DF5F-F118-4ADB-8AD8-E643B424D722}.Release|Any CPU.Build.0 = Release|Any CPU
		{2ECCE4C2-899E-420F-ABFC-7219CE0264B5}.Debug|Any CPU.ActiveCfg = Debug|Any CPU
		{2ECCE4C2-899E-420F-ABFC-7219CE0264B5}.Debug|Any CPU.Build.0 = Debug|Any CPU
		{2ECCE4C2-899E-420F-ABFC-7219CE0264B5}.Release|Any CPU.ActiveCfg = Release|Any CPU
		{2ECCE4C2-899E-420F-ABFC-7219CE0264B5}.Release|Any CPU.Build.0 = Release|Any CPU
		{C1508D10-8EA9-44AA-AAA8-B43B0EE81DB8}.Debug|Any CPU.ActiveCfg = Debug|Any CPU
		{C1508D10-8EA9-44AA-AAA8-B43B0EE81DB8}.Debug|Any CPU.Build.0 = Debug|Any CPU
		{C1508D10-8EA9-44AA-AAA8-B43B0EE81DB8}.Release|Any CPU.ActiveCfg = Release|Any CPU
		{C1508D10-8EA9-44AA-AAA8-B43B0EE81DB8}.Release|Any CPU.Build.0 = Release|Any CPU
		{3E70ADBE-0013-4BD6-9CD7-63F9AA1FFF4D}.Debug|Any CPU.ActiveCfg = Debug|Any CPU
		{3E70ADBE-0013-4BD6-9CD7-63F9AA1FFF4D}.Debug|Any CPU.Build.0 = Debug|Any CPU
		{3E70ADBE-0013-4BD6-9CD7-63F9AA1FFF4D}.Release|Any CPU.ActiveCfg = Release|Any CPU
		{3E70ADBE-0013-4BD6-9CD7-63F9AA1FFF4D}.Release|Any CPU.Build.0 = Release|Any CPU
		{4A6E40EC-7B13-467C-B727-05A39C018ED9}.Debug|Any CPU.ActiveCfg = Debug|Any CPU
		{4A6E40EC-7B13-467C-B727-05A39C018ED9}.Debug|Any CPU.Build.0 = Debug|Any CPU
		{4A6E40EC-7B13-467C-B727-05A39C018ED9}.Release|Any CPU.ActiveCfg = Release|Any CPU
		{4A6E40EC-7B13-467C-B727-05A39C018ED9}.Release|Any CPU.Build.0 = Release|Any CPU
		{C16540C1-43B4-4F12-918C-4804922791EE}.Debug|Any CPU.ActiveCfg = Debug|Any CPU
		{C16540C1-43B4-4F12-918C-4804922791EE}.Debug|Any CPU.Build.0 = Debug|Any CPU
		{C16540C1-43B4-4F12-918C-4804922791EE}.Release|Any CPU.ActiveCfg = Release|Any CPU
		{C16540C1-43B4-4F12-918C-4804922791EE}.Release|Any CPU.Build.0 = Release|Any CPU
		{BD79931B-28E8-4DAE-AC63-B9917605601F}.Debug|Any CPU.ActiveCfg = Debug|Any CPU
		{BD79931B-28E8-4DAE-AC63-B9917605601F}.Debug|Any CPU.Build.0 = Debug|Any CPU
		{BD79931B-28E8-4DAE-AC63-B9917605601F}.Release|Any CPU.ActiveCfg = Release|Any CPU
		{BD79931B-28E8-4DAE-AC63-B9917605601F}.Release|Any CPU.Build.0 = Release|Any CPU
		{A18B9586-0975-428C-8FC6-69F7D59135F7}.Debug|Any CPU.ActiveCfg = Debug|Any CPU
		{A18B9586-0975-428C-8FC6-69F7D59135F7}.Debug|Any CPU.Build.0 = Debug|Any CPU
		{A18B9586-0975-428C-8FC6-69F7D59135F7}.Release|Any CPU.ActiveCfg = Release|Any CPU
		{A18B9586-0975-428C-8FC6-69F7D59135F7}.Release|Any CPU.Build.0 = Release|Any CPU
		{8C1ECE7C-58C6-4CB0-A2F8-4DDD52D4A582}.Debug|Any CPU.ActiveCfg = Debug|Any CPU
		{8C1ECE7C-58C6-4CB0-A2F8-4DDD52D4A582}.Debug|Any CPU.Build.0 = Debug|Any CPU
		{8C1ECE7C-58C6-4CB0-A2F8-4DDD52D4A582}.Release|Any CPU.ActiveCfg = Release|Any CPU
		{8C1ECE7C-58C6-4CB0-A2F8-4DDD52D4A582}.Release|Any CPU.Build.0 = Release|Any CPU
		{39352D89-0765-4F72-8218-BCEEA1FEC6FC}.Debug|Any CPU.ActiveCfg = Debug|Any CPU
		{39352D89-0765-4F72-8218-BCEEA1FEC6FC}.Debug|Any CPU.Build.0 = Debug|Any CPU
		{39352D89-0765-4F72-8218-BCEEA1FEC6FC}.Release|Any CPU.ActiveCfg = Release|Any CPU
		{39352D89-0765-4F72-8218-BCEEA1FEC6FC}.Release|Any CPU.Build.0 = Release|Any CPU
		{CDF228B6-7AD9-4F63-89D0-568862D5AD5E}.Debug|Any CPU.ActiveCfg = Debug|Any CPU
		{CDF228B6-7AD9-4F63-89D0-568862D5AD5E}.Debug|Any CPU.Build.0 = Debug|Any CPU
		{CDF228B6-7AD9-4F63-89D0-568862D5AD5E}.Release|Any CPU.ActiveCfg = Release|Any CPU
		{CDF228B6-7AD9-4F63-89D0-568862D5AD5E}.Release|Any CPU.Build.0 = Release|Any CPU
		{8E5E8D1E-079C-4340-80DD-DD9CAAD01E4A}.Debug|Any CPU.ActiveCfg = Debug|Any CPU
		{8E5E8D1E-079C-4340-80DD-DD9CAAD01E4A}.Debug|Any CPU.Build.0 = Debug|Any CPU
		{8E5E8D1E-079C-4340-80DD-DD9CAAD01E4A}.Release|Any CPU.ActiveCfg = Release|Any CPU
		{8E5E8D1E-079C-4340-80DD-DD9CAAD01E4A}.Release|Any CPU.Build.0 = Release|Any CPU
		{673FFFA1-9704-4D0D-9E68-C425847A1F47}.Debug|Any CPU.ActiveCfg = Debug|Any CPU
		{673FFFA1-9704-4D0D-9E68-C425847A1F47}.Debug|Any CPU.Build.0 = Debug|Any CPU
		{673FFFA1-9704-4D0D-9E68-C425847A1F47}.Release|Any CPU.ActiveCfg = Release|Any CPU
		{673FFFA1-9704-4D0D-9E68-C425847A1F47}.Release|Any CPU.Build.0 = Release|Any CPU
		{0997C438-BEE8-4D81-ADA7-42F4B49C6F69}.Debug|Any CPU.ActiveCfg = Debug|Any CPU
		{0997C438-BEE8-4D81-ADA7-42F4B49C6F69}.Debug|Any CPU.Build.0 = Debug|Any CPU
		{0997C438-BEE8-4D81-ADA7-42F4B49C6F69}.Release|Any CPU.ActiveCfg = Release|Any CPU
		{0997C438-BEE8-4D81-ADA7-42F4B49C6F69}.Release|Any CPU.Build.0 = Release|Any CPU
		{86E82D25-9DBB-4638-89E2-85AE9C46623A}.Debug|Any CPU.ActiveCfg = Debug|Any CPU
		{86E82D25-9DBB-4638-89E2-85AE9C46623A}.Debug|Any CPU.Build.0 = Debug|Any CPU
		{86E82D25-9DBB-4638-89E2-85AE9C46623A}.Release|Any CPU.ActiveCfg = Release|Any CPU
		{86E82D25-9DBB-4638-89E2-85AE9C46623A}.Release|Any CPU.Build.0 = Release|Any CPU
	EndGlobalSection
	GlobalSection(SolutionProperties) = preSolution
		HideSolutionNode = FALSE
	EndGlobalSection
	GlobalSection(NestedProjects) = preSolution
		{740D8434-747B-499E-9C76-5AD697A0F555} = {AEBF4778-AFF1-4C30-92D1-4D72E072D613}
		{596DD23E-905A-406A-8FC6-C1456579697C} = {740D8434-747B-499E-9C76-5AD697A0F555}
		{398733A0-F4EC-42EE-B778-5F72B965502D} = {596DD23E-905A-406A-8FC6-C1456579697C}
		{3E488B33-6A61-488D-BC07-20AE0F569762} = {596DD23E-905A-406A-8FC6-C1456579697C}
		{1702772E-678D-42DC-B000-2DA267EEE155} = {740D8434-747B-499E-9C76-5AD697A0F555}
		{D5099C70-BEBD-447B-BDB3-D2A85BE0B246} = {1702772E-678D-42DC-B000-2DA267EEE155}
		{DC1D5F23-0533-4BDE-A1D5-3545435020CD} = {740D8434-747B-499E-9C76-5AD697A0F555}
		{E63AEB5D-0EBA-4F06-BF57-11C2E67760D0} = {DC1D5F23-0533-4BDE-A1D5-3545435020CD}
		{70E020D7-9D08-48D9-895A-F2CE02D5B747} = {740D8434-747B-499E-9C76-5AD697A0F555}
		{24643198-2934-4AED-A941-A7680DA1BF1C} = {70E020D7-9D08-48D9-895A-F2CE02D5B747}
		{D295F07A-76BF-457F-AECF-1C8868801A64} = {1702772E-678D-42DC-B000-2DA267EEE155}
		{1EFA85B7-4A42-42FE-9711-C77B48EF0F17} = {740D8434-747B-499E-9C76-5AD697A0F555}
		{DADFFB86-CB30-494D-8178-8DBE30A58947} = {1EFA85B7-4A42-42FE-9711-C77B48EF0F17}
		{007031C6-6B15-4DA6-A9A4-581B3ED9EE89} = {740D8434-747B-499E-9C76-5AD697A0F555}
		{D0B1D12D-EB41-4061-A20D-67C31273F23D} = {007031C6-6B15-4DA6-A9A4-581B3ED9EE89}
		{A0C70962-4BDD-44A1-8A57-B3E0A163CB68} = {740D8434-747B-499E-9C76-5AD697A0F555}
		{A616DCF1-A8D2-4BE4-BE48-4EA6B481E348} = {A0C70962-4BDD-44A1-8A57-B3E0A163CB68}
		{ADB4F2D1-BC14-4DCE-A65B-B6F5DEE278E5} = {1EFA85B7-4A42-42FE-9711-C77B48EF0F17}
		{E3A62949-4F0C-48D7-9F65-AFD7AAAB52F2} = {AEBF4778-AFF1-4C30-92D1-4D72E072D613}
		{90472E9F-5902-4438-AE21-2A46684CD273} = {E3A62949-4F0C-48D7-9F65-AFD7AAAB52F2}
		{31AAE589-F046-4363-B649-C1707379F9E9} = {7EC86F0A-76B3-45E1-B814-A6DE24F28526}
		{FBE61D36-5FB4-4C23-81BF-EA142164D18B} = {6AF049B0-397D-4E58-AD27-5A497CD24E9E}
		{5A9C3C59-4BBF-47EF-8623-26580BE47A0A} = {7EC86F0A-76B3-45E1-B814-A6DE24F28526}
		{21C38F50-8EC6-4BAE-B378-DC4083359A2A} = {596DD23E-905A-406A-8FC6-C1456579697C}
		{0EA2DF5F-F118-4ADB-8AD8-E643B424D722} = {7665059F-9A56-4488-87CE-BE3B90ABF138}
		{2ECCE4C2-899E-420F-ABFC-7219CE0264B5} = {7665059F-9A56-4488-87CE-BE3B90ABF138}
		{C1508D10-8EA9-44AA-AAA8-B43B0EE81DB8} = {6AF049B0-397D-4E58-AD27-5A497CD24E9E}
		{3E70ADBE-0013-4BD6-9CD7-63F9AA1FFF4D} = {6AF049B0-397D-4E58-AD27-5A497CD24E9E}
		{7665059F-9A56-4488-87CE-BE3B90ABF138} = {90472E9F-5902-4438-AE21-2A46684CD273}
		{7EC86F0A-76B3-45E1-B814-A6DE24F28526} = {90472E9F-5902-4438-AE21-2A46684CD273}
		{6AF049B0-397D-4E58-AD27-5A497CD24E9E} = {90472E9F-5902-4438-AE21-2A46684CD273}
		{138E9D78-4073-4CE1-B5A0-AC4E46454C15} = {E3A62949-4F0C-48D7-9F65-AFD7AAAB52F2}
		{79E63503-3E56-43E5-AF5E-D150FB3D5CFE} = {138E9D78-4073-4CE1-B5A0-AC4E46454C15}
		{A6FF0B87-4EC6-48AA-A6F6-E29F3FF31A29} = {E3A62949-4F0C-48D7-9F65-AFD7AAAB52F2}
		{4A6E40EC-7B13-467C-B727-05A39C018ED9} = {A6FF0B87-4EC6-48AA-A6F6-E29F3FF31A29}
		{C16540C1-43B4-4F12-918C-4804922791EE} = {A0C70962-4BDD-44A1-8A57-B3E0A163CB68}
		{BD79931B-28E8-4DAE-AC63-B9917605601F} = {70E020D7-9D08-48D9-895A-F2CE02D5B747}
		{A18B9586-0975-428C-8FC6-69F7D59135F7} = {DC1D5F23-0533-4BDE-A1D5-3545435020CD}
		{8C1ECE7C-58C6-4CB0-A2F8-4DDD52D4A582} = {596DD23E-905A-406A-8FC6-C1456579697C}
		{39352D89-0765-4F72-8218-BCEEA1FEC6FC} = {7665059F-9A56-4488-87CE-BE3B90ABF138}
		{CDF228B6-7AD9-4F63-89D0-568862D5AD5E} = {79E63503-3E56-43E5-AF5E-D150FB3D5CFE}
		{1CEF0899-E080-422E-9582-E68246149CC2} = {740D8434-747B-499E-9C76-5AD697A0F555}
		{8E5E8D1E-079C-4340-80DD-DD9CAAD01E4A} = {1CEF0899-E080-422E-9582-E68246149CC2}
		{43334B59-F3BD-4A00-BAF6-2DB31FCFAB3A} = {90472E9F-5902-4438-AE21-2A46684CD273}
		{673FFFA1-9704-4D0D-9E68-C425847A1F47} = {43334B59-F3BD-4A00-BAF6-2DB31FCFAB3A}
		{0997C438-BEE8-4D81-ADA7-42F4B49C6F69} = {43334B59-F3BD-4A00-BAF6-2DB31FCFAB3A}
		{86E82D25-9DBB-4638-89E2-85AE9C46623A} = {43334B59-F3BD-4A00-BAF6-2DB31FCFAB3A}
	EndGlobalSection
	GlobalSection(ExtensibilityGlobals) = postSolution
		SolutionGuid = {735055DE-52CD-4E1C-AB41-C0EF5BD223A9}
	EndGlobalSection
EndGlobal
